
Microsoft Visual Studio Solution File, Format Version 12.00
# Visual Studio Version 17
VisualStudioVersion = 17.14.36203.30 d17.14
MinimumVisualStudioVersion = 10.0.40219.1
Project("{FAE04EC0-301F-11D3-BF4B-00C04F79EFBC}") = "SharpForge.Results", "SharpForge.Results.csproj", "{13727B81-006B-45D1-A650-B9A8CDD9079C}"
EndProject
Global
	GlobalSection(SolutionConfigurationPlatforms) = preSolution
		Debug|Any CPU = Debug|Any CPU
		Release|Any CPU = Release|Any CPU
	EndGlobalSection
	GlobalSection(ProjectConfigurationPlatforms) = postSolution
		{13727B81-006B-45D1-A650-B9A8CDD9079C}.Debug|Any CPU.ActiveCfg = Debug|Any CPU
		{13727B81-006B-45D1-A650-B9A8CDD9079C}.Debug|Any CPU.Build.0 = Debug|Any CPU
		{13727B81-006B-45D1-A650-B9A8CDD9079C}.Release|Any CPU.ActiveCfg = Release|Any CPU
		{13727B81-006B-45D1-A650-B9A8CDD9079C}.Release|Any CPU.Build.0 = Release|Any CPU
	EndGlobalSection
	GlobalSection(SolutionProperties) = preSolution
		HideSolutionNode = FALSE
	EndGlobalSection
	GlobalSection(ExtensibilityGlobals) = postSolution
		SolutionGuid = {5C88749E-F7DA-49F2-86B6-D29A0A2B116F}
	EndGlobalSection
EndGlobal
